
Microsoft Visual Studio Solution File, Format Version 12.00
# Visual Studio Version 17
VisualStudioVersion = 17.2.32616.157
MinimumVisualStudioVersion = 10.0.40219.1
Project("{2150E333-8FDC-42A3-9474-1A3956D46DE8}") = "ReferencePackages", "ReferencePackages", "{935A1C68-216F-4DAD-961C-8E8525802D13}"
EndProject
Project("{2150E333-8FDC-42A3-9474-1A3956D46DE8}") = "BankAdapter", "BankAdapter", "{B970D642-2EE1-4F5D-82E3-97BFF884DE63}"
EndProject
Project("{9A19103F-16F7-4668-BE54-9A1E7A4F7556}") = "BankAdapter", "BankAdapter\BankAdapter.csproj", "{CCB2671F-8B7B-42F3-A75A-C76A86053401}"
EndProject
Project("{2150E333-8FDC-42A3-9474-1A3956D46DE8}") = "Tests", "Tests", "{F7659A49-C291-494C-8896-73647471D2C3}"
EndProject
Project("{2150E333-8FDC-42A3-9474-1A3956D46DE8}") = "Application", "Application", "{FB274143-1EBC-42BD-A79A-0A8DE9DF6E4F}"
EndProject
Project("{9A19103F-16F7-4668-BE54-9A1E7A4F7556}") = "Application", "Application\Application.csproj", "{6430E821-57D3-428B-819C-2C1D3531A21C}"
EndProject
Project("{2150E333-8FDC-42A3-9474-1A3956D46DE8}") = "Api", "Api", "{B476E86B-5ED6-4653-A1F0-943EF17773C7}"
EndProject
Project("{9A19103F-16F7-4668-BE54-9A1E7A4F7556}") = "Api", "Api\Api.csproj", "{C2AB0B7C-557D-4285-A0C2-703ECABCB95B}"
EndProject
Project("{2150E333-8FDC-42A3-9474-1A3956D46DE8}") = "Framework", "Framework", "{95AC21D2-4A24-45A8-9AA7-7553BA33460B}"
EndProject
Project("{9A19103F-16F7-4668-BE54-9A1E7A4F7556}") = "Framework", "Framework\Framework.csproj", "{4A57AF1A-0888-4C65-BADD-1FAF350A7A5F}"
EndProject
Project("{9A19103F-16F7-4668-BE54-9A1E7A4F7556}") = "UnitTests", "UnitTests\UnitTests.csproj", "{12DFB2C4-5B56-4D43-9BAE-5C38F5A55BDC}"
EndProject
Project("{9A19103F-16F7-4668-BE54-9A1E7A4F7556}") = "Bank1", "ReferencePackages\Bank1\Bank1.csproj", "{A105D584-C191-42A4-8D14-F357904C64FB}"
EndProject
Project("{9A19103F-16F7-4668-BE54-9A1E7A4F7556}") = "Bank2", "ReferencePackages\Bank2\Bank2.csproj", "{F0C61116-063E-4A11-B1F3-8717FAE8A9AD}"
EndProject
Global
	GlobalSection(SolutionConfigurationPlatforms) = preSolution
		Debug|Any CPU = Debug|Any CPU
		Release|Any CPU = Release|Any CPU
	EndGlobalSection
	GlobalSection(ProjectConfigurationPlatforms) = postSolution
		{CCB2671F-8B7B-42F3-A75A-C76A86053401}.Debug|Any CPU.ActiveCfg = Debug|Any CPU
		{CCB2671F-8B7B-42F3-A75A-C76A86053401}.Debug|Any CPU.Build.0 = Debug|Any CPU
		{CCB2671F-8B7B-42F3-A75A-C76A86053401}.Release|Any CPU.ActiveCfg = Release|Any CPU
		{CCB2671F-8B7B-42F3-A75A-C76A86053401}.Release|Any CPU.Build.0 = Release|Any CPU
		{6430E821-57D3-428B-819C-2C1D3531A21C}.Debug|Any CPU.ActiveCfg = Debug|Any CPU
		{6430E821-57D3-428B-819C-2C1D3531A21C}.Debug|Any CPU.Build.0 = Debug|Any CPU
		{6430E821-57D3-428B-819C-2C1D3531A21C}.Release|Any CPU.ActiveCfg = Release|Any CPU
		{6430E821-57D3-428B-819C-2C1D3531A21C}.Release|Any CPU.Build.0 = Release|Any CPU
		{C2AB0B7C-557D-4285-A0C2-703ECABCB95B}.Debug|Any CPU.ActiveCfg = Debug|Any CPU
		{C2AB0B7C-557D-4285-A0C2-703ECABCB95B}.Debug|Any CPU.Build.0 = Debug|Any CPU
		{C2AB0B7C-557D-4285-A0C2-703ECABCB95B}.Release|Any CPU.ActiveCfg = Release|Any CPU
		{C2AB0B7C-557D-4285-A0C2-703ECABCB95B}.Release|Any CPU.Build.0 = Release|Any CPU
		{4A57AF1A-0888-4C65-BADD-1FAF350A7A5F}.Debug|Any CPU.ActiveCfg = Debug|Any CPU
		{4A57AF1A-0888-4C65-BADD-1FAF350A7A5F}.Debug|Any CPU.Build.0 = Debug|Any CPU
		{4A57AF1A-0888-4C65-BADD-1FAF350A7A5F}.Release|Any CPU.ActiveCfg = Release|Any CPU
		{4A57AF1A-0888-4C65-BADD-1FAF350A7A5F}.Release|Any CPU.Build.0 = Release|Any CPU
		{12DFB2C4-5B56-4D43-9BAE-5C38F5A55BDC}.Debug|Any CPU.ActiveCfg = Debug|Any CPU
		{12DFB2C4-5B56-4D43-9BAE-5C38F5A55BDC}.Debug|Any CPU.Build.0 = Debug|Any CPU
		{12DFB2C4-5B56-4D43-9BAE-5C38F5A55BDC}.Release|Any CPU.ActiveCfg = Release|Any CPU
		{12DFB2C4-5B56-4D43-9BAE-5C38F5A55BDC}.Release|Any CPU.Build.0 = Release|Any CPU
		{A105D584-C191-42A4-8D14-F357904C64FB}.Debug|Any CPU.ActiveCfg = Debug|Any CPU
		{A105D584-C191-42A4-8D14-F357904C64FB}.Debug|Any CPU.Build.0 = Debug|Any CPU
		{A105D584-C191-42A4-8D14-F357904C64FB}.Release|Any CPU.ActiveCfg = Release|Any CPU
		{A105D584-C191-42A4-8D14-F357904C64FB}.Release|Any CPU.Build.0 = Release|Any CPU
		{F0C61116-063E-4A11-B1F3-8717FAE8A9AD}.Debug|Any CPU.ActiveCfg = Debug|Any CPU
		{F0C61116-063E-4A11-B1F3-8717FAE8A9AD}.Debug|Any CPU.Build.0 = Debug|Any CPU
		{F0C61116-063E-4A11-B1F3-8717FAE8A9AD}.Release|Any CPU.ActiveCfg = Release|Any CPU
		{F0C61116-063E-4A11-B1F3-8717FAE8A9AD}.Release|Any CPU.Build.0 = Release|Any CPU
	EndGlobalSection
	GlobalSection(SolutionProperties) = preSolution
		HideSolutionNode = FALSE
	EndGlobalSection
	GlobalSection(NestedProjects) = preSolution
		{CCB2671F-8B7B-42F3-A75A-C76A86053401} = {B970D642-2EE1-4F5D-82E3-97BFF884DE63}
		{6430E821-57D3-428B-819C-2C1D3531A21C} = {FB274143-1EBC-42BD-A79A-0A8DE9DF6E4F}
		{C2AB0B7C-557D-4285-A0C2-703ECABCB95B} = {B476E86B-5ED6-4653-A1F0-943EF17773C7}
		{4A57AF1A-0888-4C65-BADD-1FAF350A7A5F} = {95AC21D2-4A24-45A8-9AA7-7553BA33460B}
		{12DFB2C4-5B56-4D43-9BAE-5C38F5A55BDC} = {F7659A49-C291-494C-8896-73647471D2C3}
		{A105D584-C191-42A4-8D14-F357904C64FB} = {935A1C68-216F-4DAD-961C-8E8525802D13}
		{F0C61116-063E-4A11-B1F3-8717FAE8A9AD} = {935A1C68-216F-4DAD-961C-8E8525802D13}
	EndGlobalSection
	GlobalSection(ExtensibilityGlobals) = postSolution
		SolutionGuid = {F491BC65-358C-4A09-8A8F-A82537BD3976}
	EndGlobalSection
EndGlobal
